
Microsoft Visual Studio Solution File, Format Version 12.00
# Visual Studio 15
Project("{FAE04EC0-301F-11D3-BF4B-00C04F79EFBC}") = "Assembly-CSharp", "Assembly-CSharp.csproj", "{2C9C403A-C855-21AD-B1B8-1938B3885847}"
EndProject
Project("{FAE04EC0-301F-11D3-BF4B-00C04F79EFBC}") = "PhotonUnityNetworking.Demos", "PhotonUnityNetworking.Demos.csproj", "{22352F2C-CF5D-E634-01D3-EDEA589B9856}"
EndProject
Project("{FAE04EC0-301F-11D3-BF4B-00C04F79EFBC}") = "PhotonRealtime", "PhotonRealtime.csproj", "{4AD80645-BDA9-C56B-726A-4B76B27C8D0A}"
EndProject
Project("{FAE04EC0-301F-11D3-BF4B-00C04F79EFBC}") = "PhotonUnityNetworking", "PhotonUnityNetworking.csproj", "{E161326E-761E-209A-FE0C-AD34818F573C}"
EndProject
Project("{FAE04EC0-301F-11D3-BF4B-00C04F79EFBC}") = "PhotonUnityNetworking.Utilities", "PhotonUnityNetworking.Utilities.csproj", "{BB21C608-B351-6DFC-B3B7-B80D23A1BFDC}"
EndProject
Project("{FAE04EC0-301F-11D3-BF4B-00C04F79EFBC}") = "PhotonChat", "PhotonChat.csproj", "{E69925DB-4991-1EB1-2E99-751088B20275}"
EndProject
Project("{FAE04EC0-301F-11D3-BF4B-00C04F79EFBC}") = "PhotonUnityNetworking.Editor", "PhotonUnityNetworking.Editor.csproj", "{4BE3144C-F0EB-BBB8-7650-D48105B95DAB}"
EndProject
Project("{FAE04EC0-301F-11D3-BF4B-00C04F79EFBC}") = "PhotonUnityNetworking.Utilities.PhotonPlayer.Editor", "PhotonUnityNetworking.Utilities.PhotonPlayer.Editor.csproj", "{AF15A6E6-E0BF-25B8-8B10-AA4734B93F47}"
EndProject
Project("{FAE04EC0-301F-11D3-BF4B-00C04F79EFBC}") = "PunDemos.DemoSlotcarEditor", "PunDemos.DemoSlotcarEditor.csproj", "{FED86988-D146-F67C-ACDB-FF819E09E1E4}"
EndProject
Project("{FAE04EC0-301F-11D3-BF4B-00C04F79EFBC}") = "PhotonUnityNetworking.Utilities.Culling.Editor", "PhotonUnityNetworking.Utilities.Culling.Editor.csproj", "{243E7092-AD4B-BAF7-6E62-43FBDACD2742}"
EndProject
Project("{FAE04EC0-301F-11D3-BF4B-00C04F79EFBC}") = "PunDemos.DemoHubEditor", "PunDemos.DemoHubEditor.csproj", "{2BC4AD5D-4539-1423-62C8-5EF62AB5F253}"
EndProject
Global
	GlobalSection(SolutionConfigurationPlatforms) = preSolution
		Debug|Any CPU = Debug|Any CPU
		Release|Any CPU = Release|Any CPU
	EndGlobalSection
	GlobalSection(ProjectConfigurationPlatforms) = postSolution
		{2C9C403A-C855-21AD-B1B8-1938B3885847}.Debug|Any CPU.ActiveCfg = Debug|Any CPU
		{2C9C403A-C855-21AD-B1B8-1938B3885847}.Debug|Any CPU.Build.0 = Debug|Any CPU
		{2C9C403A-C855-21AD-B1B8-1938B3885847}.Release|Any CPU.ActiveCfg = Release|Any CPU
		{2C9C403A-C855-21AD-B1B8-1938B3885847}.Release|Any CPU.Build.0 = Release|Any CPU
		{22352F2C-CF5D-E634-01D3-EDEA589B9856}.Debug|Any CPU.ActiveCfg = Debug|Any CPU
		{22352F2C-CF5D-E634-01D3-EDEA589B9856}.Debug|Any CPU.Build.0 = Debug|Any CPU
		{22352F2C-CF5D-E634-01D3-EDEA589B9856}.Release|Any CPU.ActiveCfg = Release|Any CPU
		{22352F2C-CF5D-E634-01D3-EDEA589B9856}.Release|Any CPU.Build.0 = Release|Any CPU
		{4AD80645-BDA9-C56B-726A-4B76B27C8D0A}.Debug|Any CPU.ActiveCfg = Debug|Any CPU
		{4AD80645-BDA9-C56B-726A-4B76B27C8D0A}.Debug|Any CPU.Build.0 = Debug|Any CPU
		{4AD80645-BDA9-C56B-726A-4B76B27C8D0A}.Release|Any CPU.ActiveCfg = Release|Any CPU
		{4AD80645-BDA9-C56B-726A-4B76B27C8D0A}.Release|Any CPU.Build.0 = Release|Any CPU
		{E161326E-761E-209A-FE0C-AD34818F573C}.Debug|Any CPU.ActiveCfg = Debug|Any CPU
		{E161326E-761E-209A-FE0C-AD34818F573C}.Debug|Any CPU.Build.0 = Debug|Any CPU
		{E161326E-761E-209A-FE0C-AD34818F573C}.Release|Any CPU.ActiveCfg = Release|Any CPU
		{E161326E-761E-209A-FE0C-AD34818F573C}.Release|Any CPU.Build.0 = Release|Any CPU
		{BB21C608-B351-6DFC-B3B7-B80D23A1BFDC}.Debug|Any CPU.ActiveCfg = Debug|Any CPU
		{BB21C608-B351-6DFC-B3B7-B80D23A1BFDC}.Debug|Any CPU.Build.0 = Debug|Any CPU
		{BB21C608-B351-6DFC-B3B7-B80D23A1BFDC}.Release|Any CPU.ActiveCfg = Release|Any CPU
		{BB21C608-B351-6DFC-B3B7-B80D23A1BFDC}.Release|Any CPU.Build.0 = Release|Any CPU
		{E69925DB-4991-1EB1-2E99-751088B20275}.Debug|Any CPU.ActiveCfg = Debug|Any CPU
		{E69925DB-4991-1EB1-2E99-751088B20275}.Debug|Any CPU.Build.0 = Debug|Any CPU
		{E69925DB-4991-1EB1-2E99-751088B20275}.Release|Any CPU.ActiveCfg = Release|Any CPU
		{E69925DB-4991-1EB1-2E99-751088B20275}.Release|Any CPU.Build.0 = Release|Any CPU
		{4BE3144C-F0EB-BBB8-7650-D48105B95DAB}.Debug|Any CPU.ActiveCfg = Debug|Any CPU
		{4BE3144C-F0EB-BBB8-7650-D48105B95DAB}.Debug|Any CPU.Build.0 = Debug|Any CPU
		{4BE3144C-F0EB-BBB8-7650-D48105B95DAB}.Release|Any CPU.ActiveCfg = Release|Any CPU
		{4BE3144C-F0EB-BBB8-7650-D48105B95DAB}.Release|Any CPU.Build.0 = Release|Any CPU
		{AF15A6E6-E0BF-25B8-8B10-AA4734B93F47}.Debug|Any CPU.ActiveCfg = Debug|Any CPU
		{AF15A6E6-E0BF-25B8-8B10-AA4734B93F47}.Debug|Any CPU.Build.0 = Debug|Any CPU
		{AF15A6E6-E0BF-25B8-8B10-AA4734B93F47}.Release|Any CPU.ActiveCfg = Release|Any CPU
		{AF15A6E6-E0BF-25B8-8B10-AA4734B93F47}.Release|Any CPU.Build.0 = Release|Any CPU
		{FED86988-D146-F67C-ACDB-FF819E09E1E4}.Debug|Any CPU.ActiveCfg = Debug|Any CPU
		{FED86988-D146-F67C-ACDB-FF819E09E1E4}.Debug|Any CPU.Build.0 = Debug|Any CPU
		{FED86988-D146-F67C-ACDB-FF819E09E1E4}.Release|Any CPU.ActiveCfg = Release|Any CPU
		{FED86988-D146-F67C-ACDB-FF819E09E1E4}.Release|Any CPU.Build.0 = Release|Any CPU
		{243E7092-AD4B-BAF7-6E62-43FBDACD2742}.Debug|Any CPU.ActiveCfg = Debug|Any CPU
		{243E7092-AD4B-BAF7-6E62-43FBDACD2742}.Debug|Any CPU.Build.0 = Debug|Any CPU
		{243E7092-AD4B-BAF7-6E62-43FBDACD2742}.Release|Any CPU.ActiveCfg = Release|Any CPU
		{243E7092-AD4B-BAF7-6E62-43FBDACD2742}.Release|Any CPU.Build.0 = Release|Any CPU
		{2BC4AD5D-4539-1423-62C8-5EF62AB5F253}.Debug|Any CPU.ActiveCfg = Debug|Any CPU
		{2BC4AD5D-4539-1423-62C8-5EF62AB5F253}.Debug|Any CPU.Build.0 = Debug|Any CPU
		{2BC4AD5D-4539-1423-62C8-5EF62AB5F253}.Release|Any CPU.ActiveCfg = Release|Any CPU
		{2BC4AD5D-4539-1423-62C8-5EF62AB5F253}.Release|Any CPU.Build.0 = Release|Any CPU
	EndGlobalSection
	GlobalSection(SolutionProperties) = preSolution
		HideSolutionNode = FALSE
	EndGlobalSection
EndGlobal
